
Microsoft Visual Studio Solution File, Format Version 12.00
# Visual Studio Version 17
VisualStudioVersion = 17.14.36811.4
MinimumVisualStudioVersion = 10.0.40219.1
Project("{FAE04EC0-301F-11D3-BF4B-00C04F79EFBC}") = "HraPV", "HraPV\HraPV.csproj", "{2C2FF2A0-285A-4FF0-A028-044DB806B138}"
EndProject
Project("{FAE04EC0-301F-11D3-BF4B-00C04F79EFBC}") = "HraPvClient", "HraPvClient\HraPvClient.csproj", "{09B52571-2D28-4F9A-AAA8-1E608BD35104}"
EndProject
Global
	GlobalSection(SolutionConfigurationPlatforms) = preSolution
		Debug|Any CPU = Debug|Any CPU
		Release|Any CPU = Release|Any CPU
	EndGlobalSection
	GlobalSection(ProjectConfigurationPlatforms) = postSolution
		{2C2FF2A0-285A-4FF0-A028-044DB806B138}.Debug|Any CPU.ActiveCfg = Debug|Any CPU
		{2C2FF2A0-285A-4FF0-A028-044DB806B138}.Debug|Any CPU.Build.0 = Debug|Any CPU
		{2C2FF2A0-285A-4FF0-A028-044DB806B138}.Release|Any CPU.ActiveCfg = Release|Any CPU
		{2C2FF2A0-285A-4FF0-A028-044DB806B138}.Release|Any CPU.Build.0 = Release|Any CPU
		{09B52571-2D28-4F9A-AAA8-1E608BD35104}.Debug|Any CPU.ActiveCfg = Debug|Any CPU
		{09B52571-2D28-4F9A-AAA8-1E608BD35104}.Debug|Any CPU.Build.0 = Debug|Any CPU
		{09B52571-2D28-4F9A-AAA8-1E608BD35104}.Release|Any CPU.ActiveCfg = Release|Any CPU
		{09B52571-2D28-4F9A-AAA8-1E608BD35104}.Release|Any CPU.Build.0 = Release|Any CPU
	EndGlobalSection
	GlobalSection(SolutionProperties) = preSolution
		HideSolutionNode = FALSE
	EndGlobalSection
	GlobalSection(ExtensibilityGlobals) = postSolution
		SolutionGuid = {7F01045D-4BFB-4560-90A8-64F4C09B4E73}
	EndGlobalSection
EndGlobal
